
Microsoft Visual Studio Solution File, Format Version 12.00
# Visual Studio Version 17
VisualStudioVersion = 17.6.33815.320
MinimumVisualStudioVersion = 10.0.40219.1
Project("{FAE04EC0-301F-11D3-BF4B-00C04F79EFBC}") = "Tests", "Tests\Tests.csproj", "{E9DE62BE-75A4-407D-A63E-541FDDE8A579}"
EndProject
Global
	GlobalSection(SolutionConfigurationPlatforms) = preSolution
		Debug|Any CPU = Debug|Any CPU
		Release|Any CPU = Release|Any CPU
	EndGlobalSection
	GlobalSection(ProjectConfigurationPlatforms) = postSolution
		{E9DE62BE-75A4-407D-A63E-541FDDE8A579}.Debug|Any CPU.ActiveCfg = Debug|Any CPU
		{E9DE62BE-75A4-407D-A63E-541FDDE8A579}.Debug|Any CPU.Build.0 = Debug|Any CPU
		{E9DE62BE-75A4-407D-A63E-541FDDE8A579}.Release|Any CPU.ActiveCfg = Release|Any CPU
		{E9DE62BE-75A4-407D-A63E-541FDDE8A579}.Release|Any CPU.Build.0 = Release|Any CPU
	EndGlobalSection
	GlobalSection(SolutionProperties) = preSolution
		HideSolutionNode = FALSE
	EndGlobalSection
	GlobalSection(ExtensibilityGlobals) = postSolution
		SolutionGuid = {B80B3A40-5CED-441E-A646-AADB9376470F}
	EndGlobalSection
EndGlobal
